
Microsoft Visual Studio Solution File, Format Version 12.00
# Visual Studio Version 17
VisualStudioVersion = 17.12.35506.116
MinimumVisualStudioVersion = 10.0.40219.1
Project("{2150E333-8FDC-42A3-9474-1A3956D46DE8}") = "Solution Items", "Solution Items", "{DF2F4DB4-71E7-46E1-A4EE-3D86416E4509}"
	ProjectSection(SolutionItems) = preProject
		docker-compose.yml = docker-compose.yml
	EndProjectSection
EndProject
Project("{FAE04EC0-301F-11D3-BF4B-00C04F79EFBC}") = "bc_handball_be.API", "bc_handball_be.API\bc_handball_be.API.csproj", "{0568125D-6499-4845-8F3A-DDCE6EC153E8}"
EndProject
Project("{FAE04EC0-301F-11D3-BF4B-00C04F79EFBC}") = "bc_handball_be.Core", "bc_handball_be.Core\bc_handball_be.Core.csproj", "{36A4C2E7-FD44-49A9-9905-27B4A838D75F}"
EndProject
Project("{FAE04EC0-301F-11D3-BF4B-00C04F79EFBC}") = "bc_handball_be.Infrastructure", "bc_handball_be.Infrastructure\bc_handball_be.Infrastructure.csproj", "{A1186FE9-D562-4FFD-BD6C-38FE8E0E0547}"
EndProject
Global
	GlobalSection(SolutionConfigurationPlatforms) = preSolution
		Debug|Any CPU = Debug|Any CPU
		Release|Any CPU = Release|Any CPU
	EndGlobalSection
	GlobalSection(ProjectConfigurationPlatforms) = postSolution
		{0568125D-6499-4845-8F3A-DDCE6EC153E8}.Debug|Any CPU.ActiveCfg = Debug|Any CPU
		{0568125D-6499-4845-8F3A-DDCE6EC153E8}.Debug|Any CPU.Build.0 = Debug|Any CPU
		{0568125D-6499-4845-8F3A-DDCE6EC153E8}.Release|Any CPU.ActiveCfg = Release|Any CPU
		{0568125D-6499-4845-8F3A-DDCE6EC153E8}.Release|Any CPU.Build.0 = Release|Any CPU
		{36A4C2E7-FD44-49A9-9905-27B4A838D75F}.Debug|Any CPU.ActiveCfg = Debug|Any CPU
		{36A4C2E7-FD44-49A9-9905-27B4A838D75F}.Debug|Any CPU.Build.0 = Debug|Any CPU
		{36A4C2E7-FD44-49A9-9905-27B4A838D75F}.Release|Any CPU.ActiveCfg = Release|Any CPU
		{36A4C2E7-FD44-49A9-9905-27B4A838D75F}.Release|Any CPU.Build.0 = Release|Any CPU
		{A1186FE9-D562-4FFD-BD6C-38FE8E0E0547}.Debug|Any CPU.ActiveCfg = Debug|Any CPU
		{A1186FE9-D562-4FFD-BD6C-38FE8E0E0547}.Debug|Any CPU.Build.0 = Debug|Any CPU
		{A1186FE9-D562-4FFD-BD6C-38FE8E0E0547}.Release|Any CPU.ActiveCfg = Release|Any CPU
		{A1186FE9-D562-4FFD-BD6C-38FE8E0E0547}.Release|Any CPU.Build.0 = Release|Any CPU
	EndGlobalSection
	GlobalSection(SolutionProperties) = preSolution
		HideSolutionNode = FALSE
	EndGlobalSection
	GlobalSection(ExtensibilityGlobals) = postSolution
		SolutionGuid = {4E437280-E074-4B94-B2FE-110A598F44B0}
	EndGlobalSection
EndGlobal
